
Microsoft Visual Studio Solution File, Format Version 12.00
# Visual Studio 2013
VisualStudioVersion = 12.0.30723.0
MinimumVisualStudioVersion = 10.0.40219.1
Project("{FAE04EC0-301F-11D3-BF4B-00C04F79EFBC}") = "PhoneBookLibrary", "PhoneBookLibrary\PhoneBookLibrary.csproj", "{0FB63AC6-A7EA-4D6F-9FD3-A68855A51EA0}"
EndProject
Project("{FAE04EC0-301F-11D3-BF4B-00C04F79EFBC}") = "PhoneBookModel", "PhoneBookModel\PhoneBookModel.csproj", "{E650DDAE-6350-41B1-BD1F-82E8FFF7C388}"
EndProject
Project("{FAE04EC0-301F-11D3-BF4B-00C04F79EFBC}") = "PhoneBookRepositories", "PhoneBookRepositories\PhoneBookRepositories.csproj", "{BA1DFF0B-9AF4-4B82-A0A4-D521F30670EA}"
EndProject
Project("{FAE04EC0-301F-11D3-BF4B-00C04F79EFBC}") = "PhoneBookDTO", "PhoneBookDTO\PhoneBookDTO.csproj", "{387964B3-3FE0-4FBE-B861-55B6467EF52D}"
EndProject
Project("{FAE04EC0-301F-11D3-BF4B-00C04F79EFBC}") = "ConsoleApplication", "ConsoleApplication\ConsoleApplication.csproj", "{820974B3-06C0-4B06-998B-B1AFD62A2E72}"
EndProject
Global
	GlobalSection(SolutionConfigurationPlatforms) = preSolution
		Debug|Any CPU = Debug|Any CPU
		Release|Any CPU = Release|Any CPU
	EndGlobalSection
	GlobalSection(ProjectConfigurationPlatforms) = postSolution
		{0FB63AC6-A7EA-4D6F-9FD3-A68855A51EA0}.Debug|Any CPU.ActiveCfg = Debug|Any CPU
		{0FB63AC6-A7EA-4D6F-9FD3-A68855A51EA0}.Debug|Any CPU.Build.0 = Debug|Any CPU
		{0FB63AC6-A7EA-4D6F-9FD3-A68855A51EA0}.Release|Any CPU.ActiveCfg = Release|Any CPU
		{0FB63AC6-A7EA-4D6F-9FD3-A68855A51EA0}.Release|Any CPU.Build.0 = Release|Any CPU
		{E650DDAE-6350-41B1-BD1F-82E8FFF7C388}.Debug|Any CPU.ActiveCfg = Debug|Any CPU
		{E650DDAE-6350-41B1-BD1F-82E8FFF7C388}.Debug|Any CPU.Build.0 = Debug|Any CPU
		{E650DDAE-6350-41B1-BD1F-82E8FFF7C388}.Release|Any CPU.ActiveCfg = Release|Any CPU
		{E650DDAE-6350-41B1-BD1F-82E8FFF7C388}.Release|Any CPU.Build.0 = Release|Any CPU
		{BA1DFF0B-9AF4-4B82-A0A4-D521F30670EA}.Debug|Any CPU.ActiveCfg = Debug|Any CPU
		{BA1DFF0B-9AF4-4B82-A0A4-D521F30670EA}.Debug|Any CPU.Build.0 = Debug|Any CPU
		{BA1DFF0B-9AF4-4B82-A0A4-D521F30670EA}.Release|Any CPU.ActiveCfg = Release|Any CPU
		{BA1DFF0B-9AF4-4B82-A0A4-D521F30670EA}.Release|Any CPU.Build.0 = Release|Any CPU
		{387964B3-3FE0-4FBE-B861-55B6467EF52D}.Debug|Any CPU.ActiveCfg = Debug|Any CPU
		{387964B3-3FE0-4FBE-B861-55B6467EF52D}.Debug|Any CPU.Build.0 = Debug|Any CPU
		{387964B3-3FE0-4FBE-B861-55B6467EF52D}.Release|Any CPU.ActiveCfg = Release|Any CPU
		{387964B3-3FE0-4FBE-B861-55B6467EF52D}.Release|Any CPU.Build.0 = Release|Any CPU
		{820974B3-06C0-4B06-998B-B1AFD62A2E72}.Debug|Any CPU.ActiveCfg = Debug|Any CPU
		{820974B3-06C0-4B06-998B-B1AFD62A2E72}.Debug|Any CPU.Build.0 = Debug|Any CPU
		{820974B3-06C0-4B06-998B-B1AFD62A2E72}.Release|Any CPU.ActiveCfg = Release|Any CPU
		{820974B3-06C0-4B06-998B-B1AFD62A2E72}.Release|Any CPU.Build.0 = Release|Any CPU
	EndGlobalSection
	GlobalSection(SolutionProperties) = preSolution
		HideSolutionNode = FALSE
	EndGlobalSection
EndGlobal
